
Microsoft Visual Studio Solution File, Format Version 12.00
# Visual Studio Version 16
VisualStudioVersion = 16.0.30517.126
MinimumVisualStudioVersion = 10.0.40219.1
Project("{9A19103F-16F7-4668-BE54-9A1E7A4F7556}") = "FuncProgArt", "FuncProgArt\FuncProgArt.csproj", "{B7EBBF15-F73E-4B64-A47D-CDF04F267A9D}"
EndProject
Project("{F2A71F9B-5D33-465A-A702-920D77279786}") = "FuncProgFs", "FuncProgFs\FuncProgFs.fsproj", "{BFB2A9BD-770B-466B-8219-9C5A2C98F986}"
EndProject
Global
	GlobalSection(SolutionConfigurationPlatforms) = preSolution
		Debug|Any CPU = Debug|Any CPU
		Release|Any CPU = Release|Any CPU
	EndGlobalSection
	GlobalSection(ProjectConfigurationPlatforms) = postSolution
		{B7EBBF15-F73E-4B64-A47D-CDF04F267A9D}.Debug|Any CPU.ActiveCfg = Debug|Any CPU
		{B7EBBF15-F73E-4B64-A47D-CDF04F267A9D}.Debug|Any CPU.Build.0 = Debug|Any CPU
		{B7EBBF15-F73E-4B64-A47D-CDF04F267A9D}.Release|Any CPU.ActiveCfg = Release|Any CPU
		{B7EBBF15-F73E-4B64-A47D-CDF04F267A9D}.Release|Any CPU.Build.0 = Release|Any CPU
		{BFB2A9BD-770B-466B-8219-9C5A2C98F986}.Debug|Any CPU.ActiveCfg = Debug|Any CPU
		{BFB2A9BD-770B-466B-8219-9C5A2C98F986}.Debug|Any CPU.Build.0 = Debug|Any CPU
		{BFB2A9BD-770B-466B-8219-9C5A2C98F986}.Release|Any CPU.ActiveCfg = Release|Any CPU
		{BFB2A9BD-770B-466B-8219-9C5A2C98F986}.Release|Any CPU.Build.0 = Release|Any CPU
	EndGlobalSection
	GlobalSection(SolutionProperties) = preSolution
		HideSolutionNode = FALSE
	EndGlobalSection
	GlobalSection(ExtensibilityGlobals) = postSolution
		SolutionGuid = {1030C5F2-BDB0-4CB1-A23C-B4834E1C2B10}
	EndGlobalSection
EndGlobal
